
Microsoft Visual Studio Solution File, Format Version 12.00
# Visual Studio Version 17
VisualStudioVersion = 17.6.33829.357
MinimumVisualStudioVersion = 10.0.40219.1
Project("{9A19103F-16F7-4668-BE54-9A1E7A4F7556}") = "MonitorConsumer", "MonitorConsumer.csproj", "{AC06F094-BBB8-4548-8993-785401856DA9}"
EndProject
Global
	GlobalSection(SolutionConfigurationPlatforms) = preSolution
		Debug|Any CPU = Debug|Any CPU
		Release|Any CPU = Release|Any CPU
	EndGlobalSection
	GlobalSection(ProjectConfigurationPlatforms) = postSolution
		{AC06F094-BBB8-4548-8993-785401856DA9}.Debug|Any CPU.ActiveCfg = Debug|Any CPU
		{AC06F094-BBB8-4548-8993-785401856DA9}.Debug|Any CPU.Build.0 = Debug|Any CPU
		{AC06F094-BBB8-4548-8993-785401856DA9}.Release|Any CPU.ActiveCfg = Release|Any CPU
		{AC06F094-BBB8-4548-8993-785401856DA9}.Release|Any CPU.Build.0 = Release|Any CPU
	EndGlobalSection
	GlobalSection(SolutionProperties) = preSolution
		HideSolutionNode = FALSE
	EndGlobalSection
	GlobalSection(ExtensibilityGlobals) = postSolution
		SolutionGuid = {7A6896F8-70B5-4A59-88F5-1E9B734CB5CA}
	EndGlobalSection
EndGlobal
